// !$*UTF8*$!
{
	archiveVersion = 1;
	classes = {
	};
	objectVersion = 46;
	objects = {

/* Begin PBXBuildFile section */
		730FB75B1D12ACD4006C98B2 /* AppDelegate.swift in Sources */ = {isa = PBXBuildFile; fileRef = 730FB75A1D12ACD4006C98B2 /* AppDelegate.swift */; };
		730FB75D1D12ACD4006C98B2 /* ViewController.swift in Sources */ = {isa = PBXBuildFile; fileRef = 730FB75C1D12ACD4006C98B2 /* ViewController.swift */; };
		730FB7601D12ACD4006C98B2 /* Main.storyboard in Resources */ = {isa = PBXBuildFile; fileRef = 730FB75E1D12ACD4006C98B2 /* Main.storyboard */; };
		730FB7621D12ACD4006C98B2 /* Assets.xcassets in Resources */ = {isa = PBXBuildFile; fileRef = 730FB7611D12ACD4006C98B2 /* Assets.xcassets */; };
		730FB7651D12ACD4006C98B2 /* LaunchScreen.storyboard in Resources */ = {isa = PBXBuildFile; fileRef = 730FB7631D12ACD4006C98B2 /* LaunchScreen.storyboard */; };
		730FB78D1D17836B006C98B2 /* CalculateModel.swift in Sources */ = {isa = PBXBuildFile; fileRef = 730FB78C1D17836B006C98B2 /* CalculateModel.swift */; };
/* End PBXBuildFile section */

/* Begin PBXFileReference section */
		730FB7571D12ACD4006C98B2 /* Calculate.app */ = {isa = PBXFileReference; explicitFileType = wrapper.application; includeInIndex = 0; path = Calculate.app; sourceTree = BUILT_PRODUCTS_DIR; };
		730FB75A1D12ACD4006C98B2 /* AppDelegate.swift */ = {isa = PBXFileReference; lastKnownFileType = sourcecode.swift; path = AppDelegate.swift; sourceTree = "<group>"; };
		730FB75C1D12ACD4006C98B2 /* ViewController.swift */ = {isa = PBXFileReference; lastKnownFileType = sourcecode.swift; path = ViewController.swift; sourceTree = "<group>"; };
		730FB75F1D12ACD4006C98B2 /* Base */ = {isa = PBXFileReference; lastKnownFileType = file.storyboard; name = Base; path = Base.lproj/Main.storyboard; sourceTree = "<group>"; };
		730FB7611D12ACD4006C98B2 /* Assets.xcassets */ = {isa = PBXFileReference; lastKnownFileType = folder.assetcatalog; path = Assets.xcassets; sourceTree = "<group>"; };
		730FB7641D12ACD4006C98B2 /* Base */ = {isa = PBXFileReference; lastKnownFileType = file.storyboard; name = Base; path = Base.lproj/LaunchScreen.storyboard; sourceTree = "<group>"; };
		730FB7661D12ACD4006C98B2 /* Info.plist */ = {isa = PBXFileReference; lastKnownFileType = text.plist.xml; path = Info.plist; sourceTree = "<group>"; };
		730FB78C1D17836B006C98B2 /* CalculateModel.swift */ = {isa = PBXFileReference; fileEncoding = 4; lastKnownFileType = sourcecode.swift; path = CalculateModel.swift; sourceTree = "<group>"; };
/* End PBXFileReference section */

/* Begin PBXFrameworksBuildPhase section */
		730FB7541D12ACD4006C98B2 /* Frameworks */ = {
			isa = PBXFrameworksBuildPhase;
			buildActionMask = 2147483647;
			files = (
			);
			runOnlyForDeploymentPostprocessing = 0;
		};
/* End PBXFrameworksBuildPhase section */

/* Begin PBXGroup section */
		730FB74E1D12ACD4006C98B2 = {
			isa = PBXGroup;
			children = (
				730FB7591D12ACD4006C98B2 /* Calculate */,
				730FB7581D12ACD4006C98B2 /* Products */,
			);
			sourceTree = "<group>";
		};
		730FB7581D12ACD4006C98B2 /* Products */ = {
			isa = PBXGroup;
			children = (
				730FB7571D12ACD4006C98B2 /* Calculate.app */,
			);
			name = Products;
			sourceTree = "<group>";
		};
		730FB7591D12ACD4006C98B2 /* Calculate */ = {
			isa = PBXGroup;
			children = (
				730FB75A1D12ACD4006C98B2 /* AppDelegate.swift */,
				730FB75C1D12ACD4006C98B2 /* ViewController.swift */,
				730FB78C1D17836B006C98B2 /* CalculateModel.swift */,
				730FB75E1D12ACD4006C98B2 /* Main.storyboard */,
				730FB7611D12ACD4006C98B2 /* Assets.xcassets */,
				730FB7631D12ACD4006C98B2 /* LaunchScreen.storyboard */,
				730FB7661D12ACD4006C98B2 /* Info.plist */,
			);
			path = Calculate;
			sourceTree = "<group>";
		};
/* End PBXGroup section */

/* Begin PBXNativeTarget section */
		730FB7561D12ACD4006C98B2 /* Calculate */ = {
			isa = PBXNativeTarget;
			buildConfigurationList = 730FB7691D12ACD4006C98B2 /* Build configuration list for PBXNativeTarget "Calculate" */;
			buildPhases = (
				730FB7531D12ACD4006C98B2 /* Sources */,
				730FB7541D12ACD4006C98B2 /* Frameworks */,
				730FB7551D12ACD4006C98B2 /* Resources */,
			);
			buildRules = (
			);
			dependencies = (
			);
			name = Calculate;
			productName = Calculate;
			productReference = 730FB7571D12ACD4006C98B2 /* Calculate.app */;
			productType = "com.apple.product-type.application";
		};
/* End PBXNativeTarget section */

/* Begin PBXProject section */
		730FB74F1D12ACD4006C98B2 /* Project object */ = {
			isa = PBXProject;
			attributes = {
				LastSwiftUpdateCheck = 0720;
				LastUpgradeCheck = 0720;
				ORGANIZATIONNAME = "季勤强";
				TargetAttributes = {
					730FB7561D12ACD4006C98B2 = {
						CreatedOnToolsVersion = 7.2;
					};
				};
			};
			buildConfigurationList = 730FB7521D12ACD4006C98B2 /* Build configuration list for PBXProject "Calculate" */;
			compatibilityVersion = "Xcode 3.2";
			developmentRegion = English;
			hasScannedForEncodings = 0;
			knownRegions = (
				en,
				Base,
			);
			mainGroup = 730FB74E1D12ACD4006C98B2;
			productRefGroup = 730FB7581D12ACD4006C98B2 /* Products */;
			projectDirPath = "";
			projectRoot = "";
			targets = (
				730FB7561D12ACD4006C98B2 /* Calculate */,
			);
		};
/* End PBXProject section */

/* Begin PBXResourcesBuildPhase section */
		730FB7551D12ACD4006C98B2 /* Resources */ = {
			isa = PBXResourcesBuildPhase;
			buildActionMask = 2147483647;
			files = (
				730FB7651D12ACD4006C98B2 /* LaunchScreen.storyboard in Resources */,
				730FB7621D12ACD4006C98B2 /* Assets.xcassets in Resources */,
				730FB7601D12ACD4006C98B2 /* Main.storyboard in Resources */,
			);
			runOnlyForDeploymentPostprocessing = 0;
		};
/* End PBXResourcesBuildPhase section */

/* Begin PBXSourcesBuildPhase section */
		730FB7531D12ACD4006C98B2 /* Sources */ = {
			isa = PBXSourcesBuildPhase;
			buildActionMask = 2147483647;
			files = (
				730FB75D1D12ACD4006C98B2 /* ViewController.swift in Sources */,
				730FB78D1D17836B006C98B2 /* CalculateModel.swift in Sources */,
				730FB75B1D12ACD4006C98B2 /* AppDelegate.swift in Sources */,
			);
			runOnlyForDeploymentPostprocessing = 0;
		};
/* End PBXSourcesBuildPhase section */

/* Begin PBXVariantGroup section */
		730FB75E1D12ACD4006C98B2 /* Main.storyboard */ = {
			isa = PBXVariantGroup;
			children = (
				730FB75F1D12ACD4006C98B2 /* Base */,
			);
			name = Main.storyboard;
			sourceTree = "<group>";
		};
		730FB7631D12ACD4006C98B2 /* LaunchScreen.storyboard */ = {
			isa = PBXVariantGroup;
			children = (
				730FB7641D12ACD4006C98B2 /* Base */,
			);
			name = LaunchScreen.storyboard;
			sourceTree = "<group>";
		};
/* End PBXVariantGroup section */

/* Begin XCBuildConfiguration section */
		730FB7671D12ACD4006C98B2 /* Debug */ = {
			isa = XCBuildConfiguration;
			buildSettings = {
				ALWAYS_SEARCH_USER_PATHS = NO;
				CLANG_CXX_LANGUAGE_STANDARD = "gnu++0x";
				CLANG_CXX_LIBRARY = "libc++";
				CLANG_ENABLE_MODULES = YES;
				CLANG_ENABLE_OBJC_ARC = YES;
				CLANG_WARN_BOOL_CONVERSION = YES;
				CLANG_WARN_CONSTANT_CONVERSION = YES;
				CLANG_WARN_DIRECT_OBJC_ISA_USAGE = YES_ERROR;
				CLANG_WARN_EMPTY_BODY = YES;
				CLANG_WARN_ENUM_CONVERSION = YES;
				CLANG_WARN_INT_CONVERSION = YES;
				CLANG_WARN_OBJC_ROOT_CLASS = YES_ERROR;
				CLANG_WARN_UNREACHABLE_CODE = YES;
				CLANG_WARN__DUPLICATE_METHOD_MATCH = YES;
				"CODE_SIGN_IDENTITY[sdk=iphoneos*]" = "iPhone Developer";
				COPY_PHASE_STRIP = NO;
				DEBUG_INFORMATION_FORMAT = dwarf;
				ENABLE_STRICT_OBJC_MSGSEND = YES;
				ENABLE_TESTABILITY = YES;
				GCC_C_LANGUAGE_STANDARD = gnu99;
				GCC_DYNAMIC_NO_PIC = NO;
				GCC_NO_COMMON_BLOCKS = YES;
				GCC_OPTIMIZATION_LEVEL = 0;
				GCC_PREPROCESSOR_DEFINITIONS = (
					"DEBUG=1",
					"$(inherited)",
				);
				GCC_WARN_64_TO_32_BIT_CONVERSION = YES;
				GCC_WARN_ABOUT_RETURN_TYPE = YES_ERROR;
				GCC_WARN_UNDECLARED_SELECTOR = YES;
				GCC_WARN_UNINITIALIZED_AUTOS = YES_AGGRESSIVE;
				GCC_WARN_UNUSED_FUNCTION = YES;
				GCC_WARN_UNUSED_VARIABLE = YES;
				IPHONEOS_DEPLOYMENT_TARGET = 9.2;
				MTL_ENABLE_DEBUG_INFO = YES;
				ONLY_ACTIVE_ARCH = YES;
				SDKROOT = iphoneos;
				SWIFT_OPTIMIZATION_LEVEL = "-Onone";
			};
			name = Debug;
		};
		730FB7681D12ACD4006C98B2 /* Release */ = {
			isa = XCBuildConfiguration;
			buildSettings = {
				ALWAYS_SEARCH_USER_PATHS = NO;
				CLANG_CXX_LANGUAGE_STANDARD = "gnu++0x";
				CLANG_CXX_LIBRARY = "libc++";
				CLANG_ENABLE_MODULES = YES;
				CLANG_ENABLE_OBJC_ARC = YES;
				CLANG_WARN_BOOL_CONVERSION = YES;
				CLANG_WARN_CONSTANT_CONVERSION = YES;
				CLANG_WARN_DIRECT_OBJC_ISA_USAGE = YES_ERROR;
				CLANG_WARN_EMPTY_BODY = YES;
				CLANG_WARN_ENUM_CONVERSION = YES;
				CLANG_WARN_INT_CONVERSION = YES;
				CLANG_WARN_OBJC_ROOT_CLASS = YES_ERROR;
				CLANG_WARN_UNREACHABLE_CODE = YES;
				CLANG_WARN__DUPLICATE_METHOD_MATCH = YES;
				"CODE_SIGN_IDENTITY[sdk=iphoneos*]" = "iPhone Developer";
				COPY_PHASE_STRIP = NO;
				DEBUG_INFORMATION_FORMAT = "dwarf-with-dsym";
				ENABLE_NS_ASSERTIONS = NO;
				ENABLE_STRICT_OBJC_MSGSEND = YES;
				GCC_C_LANGUAGE_STANDARD = gnu99;
				GCC_NO_COMMON_BLOCKS = YES;
				GCC_WARN_64_TO_32_BIT_CONVERSION = YES;
				GCC_WARN_ABOUT_RETURN_TYPE = YES_ERROR;
				GCC_WARN_UNDECLARED_SELECTOR = YES;
				GCC_WARN_UNINITIALIZED_AUTOS = YES_AGGRESSIVE;
				GCC_WARN_UNUSED_FUNCTION = YES;
				GCC_WARN_UNUSED_VARIABLE = YES;
				IPHONEOS_DEPLOYMENT_TARGET = 9.2;
				MTL_ENABLE_DEBUG_INFO = NO;
				SDKROOT = iphoneos;
				VALIDATE_PRODUCT = YES;
			};
			name = Release;
		};
		730FB76A1D12ACD4006C98B2 /* Debug */ = {
			isa = XCBuildConfiguration;
			buildSettings = {
				ASSETCATALOG_COMPILER_APPICON_NAME = AppIcon;
				INFOPLIST_FILE = Calculate/Info.plist;
				LD_RUNPATH_SEARCH_PATHS = "$(inherited) @executable_path/Frameworks";
				PRODUCT_BUNDLE_IDENTIFIER = com.jqq.Calculate;
				PRODUCT_NAME = "$(TARGET_NAME)";
			};
			name = Debug;
		};
		730FB76B1D12ACD4006C98B2 /* Release */ = {
			isa = XCBuildConfiguration;
			buildSettings = {
				ASSETCATALOG_COMPILER_APPICON_NAME = AppIcon;
				INFOPLIST_FILE = Calculate/Info.plist;
				LD_RUNPATH_SEARCH_PATHS = "$(inherited) @executable_path/Frameworks";
				PRODUCT_BUNDLE_IDENTIFIER = com.jqq.Calculate;
				PRODUCT_NAME = "$(TARGET_NAME)";
			};
			name = Release;
		};
/* End XCBuildConfiguration section */

/* Begin XCConfigurationList section */
		730FB7521D12ACD4006C98B2 /* Build configuration list for PBXProject "Calculate" */ = {
			isa = XCConfigurationList;
			buildConfigurations = (
				730FB7671D12ACD4006C98B2 /* Debug */,
				730FB7681D12ACD4006C98B2 /* Release */,
			);
			defaultConfigurationIsVisible = 0;
			defaultConfigurationName = Release;
		};
		730FB7691D12ACD4006C98B2 /* Build configuration list for PBXNativeTarget "Calculate" */ = {
			isa = XCConfigurationList;
			buildConfigurations = (
				730FB76A1D12ACD4006C98B2 /* Debug */,
				730FB76B1D12ACD4006C98B2 /* Release */,
			);
			defaultConfigurationIsVisible = 0;
			defaultConfigurationName = Release;
		};
/* End XCConfigurationList section */
	};
	rootObject = 730FB74F1D12ACD4006C98B2 /* Project object */;
}
