// !$*UTF8*$!
{
	archiveVersion = 1;
	classes = {
	};
	objectVersion = 46;
	objects = {

/* Begin PBXBuildFile section */
		732E49A51D012BCB00ABB305 /* AppDelegate.swift in Sources */ = {isa = PBXBuildFile; fileRef = 732E49A41D012BCB00ABB305 /* AppDelegate.swift */; };
		732E49A71D012BCB00ABB305 /* ViewController.swift in Sources */ = {isa = PBXBuildFile; fileRef = 732E49A61D012BCB00ABB305 /* ViewController.swift */; };
		732E49AA1D012BCB00ABB305 /* Main.storyboard in Resources */ = {isa = PBXBuildFile; fileRef = 732E49A81D012BCB00ABB305 /* Main.storyboard */; };
		732E49AC1D012BCB00ABB305 /* Assets.xcassets in Resources */ = {isa = PBXBuildFile; fileRef = 732E49AB1D012BCB00ABB305 /* Assets.xcassets */; };
		732E49AF1D012BCB00ABB305 /* LaunchScreen.storyboard in Resources */ = {isa = PBXBuildFile; fileRef = 732E49AD1D012BCB00ABB305 /* LaunchScreen.storyboard */; };
/* End PBXBuildFile section */

/* Begin PBXFileReference section */
		732E49A11D012BCB00ABB305 /* AnimateTable.app */ = {isa = PBXFileReference; explicitFileType = wrapper.application; includeInIndex = 0; path = AnimateTable.app; sourceTree = BUILT_PRODUCTS_DIR; };
		732E49A41D012BCB00ABB305 /* AppDelegate.swift */ = {isa = PBXFileReference; lastKnownFileType = sourcecode.swift; path = AppDelegate.swift; sourceTree = "<group>"; };
		732E49A61D012BCB00ABB305 /* ViewController.swift */ = {isa = PBXFileReference; lastKnownFileType = sourcecode.swift; path = ViewController.swift; sourceTree = "<group>"; };
		732E49A91D012BCB00ABB305 /* Base */ = {isa = PBXFileReference; lastKnownFileType = file.storyboard; name = Base; path = Base.lproj/Main.storyboard; sourceTree = "<group>"; };
		732E49AB1D012BCB00ABB305 /* Assets.xcassets */ = {isa = PBXFileReference; lastKnownFileType = folder.assetcatalog; path = Assets.xcassets; sourceTree = "<group>"; };
		732E49AE1D012BCB00ABB305 /* Base */ = {isa = PBXFileReference; lastKnownFileType = file.storyboard; name = Base; path = Base.lproj/LaunchScreen.storyboard; sourceTree = "<group>"; };
		732E49B01D012BCB00ABB305 /* Info.plist */ = {isa = PBXFileReference; lastKnownFileType = text.plist.xml; path = Info.plist; sourceTree = "<group>"; };
/* End PBXFileReference section */

/* Begin PBXFrameworksBuildPhase section */
		732E499E1D012BCB00ABB305 /* Frameworks */ = {
			isa = PBXFrameworksBuildPhase;
			buildActionMask = 2147483647;
			files = (
			);
			runOnlyForDeploymentPostprocessing = 0;
		};
/* End PBXFrameworksBuildPhase section */

/* Begin PBXGroup section */
		732E49981D012BCB00ABB305 = {
			isa = PBXGroup;
			children = (
				732E49A31D012BCB00ABB305 /* AnimateTable */,
				732E49A21D012BCB00ABB305 /* Products */,
			);
			sourceTree = "<group>";
		};
		732E49A21D012BCB00ABB305 /* Products */ = {
			isa = PBXGroup;
			children = (
				732E49A11D012BCB00ABB305 /* AnimateTable.app */,
			);
			name = Products;
			sourceTree = "<group>";
		};
		732E49A31D012BCB00ABB305 /* AnimateTable */ = {
			isa = PBXGroup;
			children = (
				732E49A41D012BCB00ABB305 /* AppDelegate.swift */,
				732E49A61D012BCB00ABB305 /* ViewController.swift */,
				732E49A81D012BCB00ABB305 /* Main.storyboard */,
				732E49AB1D012BCB00ABB305 /* Assets.xcassets */,
				732E49AD1D012BCB00ABB305 /* LaunchScreen.storyboard */,
				732E49B01D012BCB00ABB305 /* Info.plist */,
			);
			path = AnimateTable;
			sourceTree = "<group>";
		};
/* End PBXGroup section */

/* Begin PBXNativeTarget section */
		732E49A01D012BCB00ABB305 /* AnimateTable */ = {
			isa = PBXNativeTarget;
			buildConfigurationList = 732E49B31D012BCB00ABB305 /* Build configuration list for PBXNativeTarget "AnimateTable" */;
			buildPhases = (
				732E499D1D012BCB00ABB305 /* Sources */,
				732E499E1D012BCB00ABB305 /* Frameworks */,
				732E499F1D012BCB00ABB305 /* Resources */,
			);
			buildRules = (
			);
			dependencies = (
			);
			name = AnimateTable;
			productName = AnimateTable;
			productReference = 732E49A11D012BCB00ABB305 /* AnimateTable.app */;
			productType = "com.apple.product-type.application";
		};
/* End PBXNativeTarget section */

/* Begin PBXProject section */
		732E49991D012BCB00ABB305 /* Project object */ = {
			isa = PBXProject;
			attributes = {
				LastSwiftUpdateCheck = 0720;
				LastUpgradeCheck = 0720;
				ORGANIZATIONNAME = "季勤强";
				TargetAttributes = {
					732E49A01D012BCB00ABB305 = {
						CreatedOnToolsVersion = 7.2;
					};
				};
			};
			buildConfigurationList = 732E499C1D012BCB00ABB305 /* Build configuration list for PBXProject "AnimateTable" */;
			compatibilityVersion = "Xcode 3.2";
			developmentRegion = English;
			hasScannedForEncodings = 0;
			knownRegions = (
				en,
				Base,
			);
			mainGroup = 732E49981D012BCB00ABB305;
			productRefGroup = 732E49A21D012BCB00ABB305 /* Products */;
			projectDirPath = "";
			projectRoot = "";
			targets = (
				732E49A01D012BCB00ABB305 /* AnimateTable */,
			);
		};
/* End PBXProject section */

/* Begin PBXResourcesBuildPhase section */
		732E499F1D012BCB00ABB305 /* Resources */ = {
			isa = PBXResourcesBuildPhase;
			buildActionMask = 2147483647;
			files = (
				732E49AF1D012BCB00ABB305 /* LaunchScreen.storyboard in Resources */,
				732E49AC1D012BCB00ABB305 /* Assets.xcassets in Resources */,
				732E49AA1D012BCB00ABB305 /* Main.storyboard in Resources */,
			);
			runOnlyForDeploymentPostprocessing = 0;
		};
/* End PBXResourcesBuildPhase section */

/* Begin PBXSourcesBuildPhase section */
		732E499D1D012BCB00ABB305 /* Sources */ = {
			isa = PBXSourcesBuildPhase;
			buildActionMask = 2147483647;
			files = (
				732E49A71D012BCB00ABB305 /* ViewController.swift in Sources */,
				732E49A51D012BCB00ABB305 /* AppDelegate.swift in Sources */,
			);
			runOnlyForDeploymentPostprocessing = 0;
		};
/* End PBXSourcesBuildPhase section */

/* Begin PBXVariantGroup section */
		732E49A81D012BCB00ABB305 /* Main.storyboard */ = {
			isa = PBXVariantGroup;
			children = (
				732E49A91D012BCB00ABB305 /* Base */,
			);
			name = Main.storyboard;
			sourceTree = "<group>";
		};
		732E49AD1D012BCB00ABB305 /* LaunchScreen.storyboard */ = {
			isa = PBXVariantGroup;
			children = (
				732E49AE1D012BCB00ABB305 /* Base */,
			);
			name = LaunchScreen.storyboard;
			sourceTree = "<group>";
		};
/* End PBXVariantGroup section */

/* Begin XCBuildConfiguration section */
		732E49B11D012BCB00ABB305 /* Debug */ = {
			isa = XCBuildConfiguration;
			buildSettings = {
				ALWAYS_SEARCH_USER_PATHS = NO;
				CLANG_CXX_LANGUAGE_STANDARD = "gnu++0x";
				CLANG_CXX_LIBRARY = "libc++";
				CLANG_ENABLE_MODULES = YES;
				CLANG_ENABLE_OBJC_ARC = YES;
				CLANG_WARN_BOOL_CONVERSION = YES;
				CLANG_WARN_CONSTANT_CONVERSION = YES;
				CLANG_WARN_DIRECT_OBJC_ISA_USAGE = YES_ERROR;
				CLANG_WARN_EMPTY_BODY = YES;
				CLANG_WARN_ENUM_CONVERSION = YES;
				CLANG_WARN_INT_CONVERSION = YES;
				CLANG_WARN_OBJC_ROOT_CLASS = YES_ERROR;
				CLANG_WARN_UNREACHABLE_CODE = YES;
				CLANG_WARN__DUPLICATE_METHOD_MATCH = YES;
				"CODE_SIGN_IDENTITY[sdk=iphoneos*]" = "iPhone Developer";
				COPY_PHASE_STRIP = NO;
				DEBUG_INFORMATION_FORMAT = dwarf;
				ENABLE_STRICT_OBJC_MSGSEND = YES;
				ENABLE_TESTABILITY = YES;
				GCC_C_LANGUAGE_STANDARD = gnu99;
				GCC_DYNAMIC_NO_PIC = NO;
				GCC_NO_COMMON_BLOCKS = YES;
				GCC_OPTIMIZATION_LEVEL = 0;
				GCC_PREPROCESSOR_DEFINITIONS = (
					"DEBUG=1",
					"$(inherited)",
				);
				GCC_WARN_64_TO_32_BIT_CONVERSION = YES;
				GCC_WARN_ABOUT_RETURN_TYPE = YES_ERROR;
				GCC_WARN_UNDECLARED_SELECTOR = YES;
				GCC_WARN_UNINITIALIZED_AUTOS = YES_AGGRESSIVE;
				GCC_WARN_UNUSED_FUNCTION = YES;
				GCC_WARN_UNUSED_VARIABLE = YES;
				IPHONEOS_DEPLOYMENT_TARGET = 9.2;
				MTL_ENABLE_DEBUG_INFO = YES;
				ONLY_ACTIVE_ARCH = YES;
				SDKROOT = iphoneos;
				SWIFT_OPTIMIZATION_LEVEL = "-Onone";
			};
			name = Debug;
		};
		732E49B21D012BCB00ABB305 /* Release */ = {
			isa = XCBuildConfiguration;
			buildSettings = {
				ALWAYS_SEARCH_USER_PATHS = NO;
				CLANG_CXX_LANGUAGE_STANDARD = "gnu++0x";
				CLANG_CXX_LIBRARY = "libc++";
				CLANG_ENABLE_MODULES = YES;
				CLANG_ENABLE_OBJC_ARC = YES;
				CLANG_WARN_BOOL_CONVERSION = YES;
				CLANG_WARN_CONSTANT_CONVERSION = YES;
				CLANG_WARN_DIRECT_OBJC_ISA_USAGE = YES_ERROR;
				CLANG_WARN_EMPTY_BODY = YES;
				CLANG_WARN_ENUM_CONVERSION = YES;
				CLANG_WARN_INT_CONVERSION = YES;
				CLANG_WARN_OBJC_ROOT_CLASS = YES_ERROR;
				CLANG_WARN_UNREACHABLE_CODE = YES;
				CLANG_WARN__DUPLICATE_METHOD_MATCH = YES;
				"CODE_SIGN_IDENTITY[sdk=iphoneos*]" = "iPhone Developer";
				COPY_PHASE_STRIP = NO;
				DEBUG_INFORMATION_FORMAT = "dwarf-with-dsym";
				ENABLE_NS_ASSERTIONS = NO;
				ENABLE_STRICT_OBJC_MSGSEND = YES;
				GCC_C_LANGUAGE_STANDARD = gnu99;
				GCC_NO_COMMON_BLOCKS = YES;
				GCC_WARN_64_TO_32_BIT_CONVERSION = YES;
				GCC_WARN_ABOUT_RETURN_TYPE = YES_ERROR;
				GCC_WARN_UNDECLARED_SELECTOR = YES;
				GCC_WARN_UNINITIALIZED_AUTOS = YES_AGGRESSIVE;
				GCC_WARN_UNUSED_FUNCTION = YES;
				GCC_WARN_UNUSED_VARIABLE = YES;
				IPHONEOS_DEPLOYMENT_TARGET = 9.2;
				MTL_ENABLE_DEBUG_INFO = NO;
				SDKROOT = iphoneos;
				VALIDATE_PRODUCT = YES;
			};
			name = Release;
		};
		732E49B41D012BCB00ABB305 /* Debug */ = {
			isa = XCBuildConfiguration;
			buildSettings = {
				ASSETCATALOG_COMPILER_APPICON_NAME = AppIcon;
				INFOPLIST_FILE = AnimateTable/Info.plist;
				LD_RUNPATH_SEARCH_PATHS = "$(inherited) @executable_path/Frameworks";
				PRODUCT_BUNDLE_IDENTIFIER = com.jqq.AnimateTable;
				PRODUCT_NAME = "$(TARGET_NAME)";
			};
			name = Debug;
		};
		732E49B51D012BCB00ABB305 /* Release */ = {
			isa = XCBuildConfiguration;
			buildSettings = {
				ASSETCATALOG_COMPILER_APPICON_NAME = AppIcon;
				INFOPLIST_FILE = AnimateTable/Info.plist;
				LD_RUNPATH_SEARCH_PATHS = "$(inherited) @executable_path/Frameworks";
				PRODUCT_BUNDLE_IDENTIFIER = com.jqq.AnimateTable;
				PRODUCT_NAME = "$(TARGET_NAME)";
			};
			name = Release;
		};
/* End XCBuildConfiguration section */

/* Begin XCConfigurationList section */
		732E499C1D012BCB00ABB305 /* Build configuration list for PBXProject "AnimateTable" */ = {
			isa = XCConfigurationList;
			buildConfigurations = (
				732E49B11D012BCB00ABB305 /* Debug */,
				732E49B21D012BCB00ABB305 /* Release */,
			);
			defaultConfigurationIsVisible = 0;
			defaultConfigurationName = Release;
		};
		732E49B31D012BCB00ABB305 /* Build configuration list for PBXNativeTarget "AnimateTable" */ = {
			isa = XCConfigurationList;
			buildConfigurations = (
				732E49B41D012BCB00ABB305 /* Debug */,
				732E49B51D012BCB00ABB305 /* Release */,
			);
			defaultConfigurationIsVisible = 0;
		};
/* End XCConfigurationList section */
	};
	rootObject = 732E49991D012BCB00ABB305 /* Project object */;
}
